dependencies:
- condition: ""
  enabled: false
  name: builder
  repository: https://charts.deis.com/builder
  tags: null
  version: v2.10.1
- condition: ""
  enabled: false
  name: slugbuilder
  repository: https://charts.deis.com/slugbuilder
  tags: null
  version: v2.4.11
- condition: ""
  enabled: false
  name: dockerbuilder
  repository: https://charts.deis.com/dockerbuilder
  tags: null
  version: v2.7.2
- condition: ""
  enabled: false
  name: controller
  repository: https://charts.deis.com/controller
  tags: null
  version: v2.13.0
- condition: ""
  enabled: false
  name: slugrunner
  repository: https://charts.deis.com/slugrunner
  tags: null
  version: v2.3.0
- condition: ""
  enabled: false
  name: database
  repository: https://charts.deis.com/database
  tags: null
  version: v2.5.3
- condition: ""
  enabled: false
  name: fluentd
  repository: https://charts.deis.com/fluentd
  tags: null
  version: v2.8.0
- condition: ""
  enabled: false
  name: redis
  repository: https://charts.deis.com/redis
  tags: null
  version: v2.2.5
- condition: ""
  enabled: false
  name: logger
  repository: https://charts.deis.com/logger
  tags: null
  version: v2.4.3
- condition: ""
  enabled: false
  name: minio
  repository: https://charts.deis.com/minio
  tags: null
  version: v2.3.5
- condition: ""
  enabled: false
  name: monitor
  repository: https://charts.deis.com/monitor
  tags: null
  version: v2.8.1
- condition: ""
  enabled: false
  name: nsqd
  repository: https://charts.deis.com/nsqd
  tags: null
  version: v2.2.7
- condition: ""
  enabled: false
  name: registry
  repository: https://charts.deis.com/registry
  tags: null
  version: v2.4.0
- condition: ""
  enabled: false
  name: registry-proxy
  repository: https://charts.deis.com/registry-proxy
  tags: null
  version: v1.1.1
- condition: ""
  enabled: false
  name: registry-token-refresher
  repository: https://charts.deis.com/registry-token-refresher
  tags: null
  version: v1.1.2
- condition: ""
  enabled: false
  name: router
  repository: https://charts.deis.com/router
  tags: null
  version: v2.12.0
- condition: ""
  enabled: false
  name: workflow-manager
  repository: https://charts.deis.com/workflow-manager
  tags: null
  version: v2.5.0
digest: sha256:35e9c5b92f6af010d88ebcda17320efa882c418b7b47b022bac4e770e8b98601
generated: 2017-04-05T17:39:33.337193397Z
